
Microsoft Visual Studio Solution File, Format Version 11.00
# Visual Studio 2010
Project("{F2A71F9B-5D33-465A-A702-920D77279786}") = "Splash of Life", "Splash of Life\Splash of Life.fsproj", "{DA29B6FB-6B91-4AD3-8666-8FE9926DC073}"
EndProject
Global
	GlobalSection(SolutionConfigurationPlatforms) = preSolution
		Debug|Any CPU = Debug|Any CPU
		Release|Any CPU = Release|Any CPU
	EndGlobalSection
	GlobalSection(ProjectConfigurationPlatforms) = postSolution
		{DA29B6FB-6B91-4AD3-8666-8FE9926DC073}.Debug|Any CPU.ActiveCfg = Debug|Any CPU
		{DA29B6FB-6B91-4AD3-8666-8FE9926DC073}.Debug|Any CPU.Build.0 = Debug|Any CPU
		{DA29B6FB-6B91-4AD3-8666-8FE9926DC073}.Release|Any CPU.ActiveCfg = Release|Any CPU
		{DA29B6FB-6B91-4AD3-8666-8FE9926DC073}.Release|Any CPU.Build.0 = Release|Any CPU
	EndGlobalSection
	GlobalSection(SolutionProperties) = preSolution
		HideSolutionNode = FALSE
	EndGlobalSection
EndGlobal
